// !$*UTF8*$!
{
	archiveVersion = 1;
	classes = {
	};
	objectVersion = 55;
	objects = {

/* Begin PBXBuildFile section */
		55DEF0BB289161400085B6DF /* main.cpp in Sources */ = {isa = PBXBuildFile; fileRef = 55DEF0BA289161400085B6DF /* main.cpp */; };
		55DEF0C628916DA20085B6DF /* main.cpp in Sources */ = {isa = PBXBuildFile; fileRef = 55DEF0C528916DA20085B6DF /* main.cpp */; };
		55DEF0D1289177930085B6DF /* main.cpp in Sources */ = {isa = PBXBuildFile; fileRef = 55DEF0D0289177930085B6DF /* main.cpp */; };
		55DEF0DC2891DB240085B6DF /* main.cpp in Sources */ = {isa = PBXBuildFile; fileRef = 55DEF0DB2891DB240085B6DF /* main.cpp */; };
		55DEF0E72892A0B80085B6DF /* main.cpp in Sources */ = {isa = PBXBuildFile; fileRef = 55DEF0E62892A0B80085B6DF /* main.cpp */; };
		55DEF0FD2893F5740085B6DF /* main.cpp in Sources */ = {isa = PBXBuildFile; fileRef = 55DEF0FC2893F5740085B6DF /* main.cpp */; };
		55DEF1022893F59F0085B6DF /* main.cpp in Sources */ = {isa = PBXBuildFile; fileRef = 55DEF0F12893DFE30085B6DF /* main.cpp */; };
		55DEF10A28983B920085B6DF /* main.cpp in Sources */ = {isa = PBXBuildFile; fileRef = 55DEF10928983B920085B6DF /* main.cpp */; };
/* End PBXBuildFile section */

/* Begin PBXCopyFilesBuildPhase section */
		55DEF0A828915DE90085B6DF /* CopyFiles */ = {
			isa = PBXCopyFilesBuildPhase;
			buildActionMask = 2147483647;
			dstPath = /usr/share/man/man1/;
			dstSubfolderSpec = 0;
			files = (
			);
			runOnlyForDeploymentPostprocessing = 1;
		};
		55DEF0B6289161400085B6DF /* CopyFiles */ = {
			isa = PBXCopyFilesBuildPhase;
			buildActionMask = 2147483647;
			dstPath = /usr/share/man/man1/;
			dstSubfolderSpec = 0;
			files = (
			);
			runOnlyForDeploymentPostprocessing = 1;
		};
		55DEF0C128916DA20085B6DF /* CopyFiles */ = {
			isa = PBXCopyFilesBuildPhase;
			buildActionMask = 2147483647;
			dstPath = /usr/share/man/man1/;
			dstSubfolderSpec = 0;
			files = (
			);
			runOnlyForDeploymentPostprocessing = 1;
		};
		55DEF0CC289177930085B6DF /* CopyFiles */ = {
			isa = PBXCopyFilesBuildPhase;
			buildActionMask = 2147483647;
			dstPath = /usr/share/man/man1/;
			dstSubfolderSpec = 0;
			files = (
			);
			runOnlyForDeploymentPostprocessing = 1;
		};
		55DEF0D72891DB240085B6DF /* CopyFiles */ = {
			isa = PBXCopyFilesBuildPhase;
			buildActionMask = 2147483647;
			dstPath = /usr/share/man/man1/;
			dstSubfolderSpec = 0;
			files = (
			);
			runOnlyForDeploymentPostprocessing = 1;
		};
		55DEF0E22892A0B80085B6DF /* CopyFiles */ = {
			isa = PBXCopyFilesBuildPhase;
			buildActionMask = 2147483647;
			dstPath = /usr/share/man/man1/;
			dstSubfolderSpec = 0;
			files = (
			);
			runOnlyForDeploymentPostprocessing = 1;
		};
		55DEF0ED2893DFE30085B6DF /* CopyFiles */ = {
			isa = PBXCopyFilesBuildPhase;
			buildActionMask = 2147483647;
			dstPath = /usr/share/man/man1/;
			dstSubfolderSpec = 0;
			files = (
			);
			runOnlyForDeploymentPostprocessing = 1;
		};
		55DEF0F82893F5740085B6DF /* CopyFiles */ = {
			isa = PBXCopyFilesBuildPhase;
			buildActionMask = 2147483647;
			dstPath = /usr/share/man/man1/;
			dstSubfolderSpec = 0;
			files = (
			);
			runOnlyForDeploymentPostprocessing = 1;
		};
		55DEF10528983B920085B6DF /* CopyFiles */ = {
			isa = PBXCopyFilesBuildPhase;
			buildActionMask = 2147483647;
			dstPath = /usr/share/man/man1/;
			dstSubfolderSpec = 0;
			files = (
			);
			runOnlyForDeploymentPostprocessing = 1;
		};
/* End PBXCopyFilesBuildPhase section */

/* Begin PBXFileReference section */
		55DEF0AA28915DE90085B6DF /* Simple code lessons */ = {isa = PBXFileReference; explicitFileType = "compiled.mach-o.executable"; includeInIndex = 0; path = "Simple code lessons"; sourceTree = BUILT_PRODUCTS_DIR; };
		55DEF0B8289161400085B6DF /* first block of lesson from #1 */ = {isa = PBXFileReference; explicitFileType = "compiled.mach-o.executable"; includeInIndex = 0; path = "first block of lesson from #1"; sourceTree = BUILT_PRODUCTS_DIR; };
		55DEF0BA289161400085B6DF /* main.cpp */ = {isa = PBXFileReference; lastKnownFileType = sourcecode.cpp.cpp; path = main.cpp; sourceTree = "<group>"; };
		55DEF0C328916DA20085B6DF /* second block of lesson from #8 */ = {isa = PBXFileReference; explicitFileType = "compiled.mach-o.executable"; includeInIndex = 0; path = "second block of lesson from #8"; sourceTree = BUILT_PRODUCTS_DIR; };
		55DEF0C528916DA20085B6DF /* main.cpp */ = {isa = PBXFileReference; lastKnownFileType = sourcecode.cpp.cpp; path = main.cpp; sourceTree = "<group>"; };
		55DEF0CE289177930085B6DF /* third block of lesson from #11 */ = {isa = PBXFileReference; explicitFileType = "compiled.mach-o.executable"; includeInIndex = 0; path = "third block of lesson from #11"; sourceTree = BUILT_PRODUCTS_DIR; };
		55DEF0D0289177930085B6DF /* main.cpp */ = {isa = PBXFileReference; lastKnownFileType = sourcecode.cpp.cpp; path = main.cpp; sourceTree = "<group>"; };
		55DEF0D92891DB240085B6DF /* fourth block of lesson from #25 */ = {isa = PBXFileReference; explicitFileType = "compiled.mach-o.executable"; includeInIndex = 0; path = "fourth block of lesson from #25"; sourceTree = BUILT_PRODUCTS_DIR; };
		55DEF0DB2891DB240085B6DF /* main.cpp */ = {isa = PBXFileReference; lastKnownFileType = sourcecode.cpp.cpp; path = main.cpp; sourceTree = "<group>"; };
		55DEF0E42892A0B80085B6DF /* fifth block of lesson from #33 */ = {isa = PBXFileReference; explicitFileType = "compiled.mach-o.executable"; includeInIndex = 0; path = "fifth block of lesson from #33"; sourceTree = BUILT_PRODUCTS_DIR; };
		55DEF0E62892A0B80085B6DF /* main.cpp */ = {isa = PBXFileReference; lastKnownFileType = sourcecode.cpp.cpp; path = main.cpp; sourceTree = "<group>"; };
		55DEF0EF2893DFE30085B6DF /* flight of fancy #1 */ = {isa = PBXFileReference; explicitFileType = "compiled.mach-o.executable"; includeInIndex = 0; path = "flight of fancy #1"; sourceTree = BUILT_PRODUCTS_DIR; };
		55DEF0F12893DFE30085B6DF /* main.cpp */ = {isa = PBXFileReference; lastKnownFileType = sourcecode.cpp.cpp; path = main.cpp; sourceTree = "<group>"; };
		55DEF0FA2893F5740085B6DF /* sixth block of lesson from #45 */ = {isa = PBXFileReference; explicitFileType = "compiled.mach-o.executable"; includeInIndex = 0; path = "sixth block of lesson from #45"; sourceTree = BUILT_PRODUCTS_DIR; };
		55DEF0FC2893F5740085B6DF /* main.cpp */ = {isa = PBXFileReference; lastKnownFileType = sourcecode.cpp.cpp; path = main.cpp; sourceTree = "<group>"; };
		55DEF10728983B920085B6DF /* flight of fancy #2 */ = {isa = PBXFileReference; explicitFileType = "compiled.mach-o.executable"; includeInIndex = 0; path = "flight of fancy #2"; sourceTree = BUILT_PRODUCTS_DIR; };
		55DEF10928983B920085B6DF /* main.cpp */ = {isa = PBXFileReference; lastKnownFileType = sourcecode.cpp.cpp; path = main.cpp; sourceTree = "<group>"; };
/* End PBXFileReference section */

/* Begin PBXFrameworksBuildPhase section */
		55DEF0A728915DE90085B6DF /* Frameworks */ = {
			isa = PBXFrameworksBuildPhase;
			buildActionMask = 2147483647;
			files = (
			);
			runOnlyForDeploymentPostprocessing = 0;
		};
		55DEF0B5289161400085B6DF /* Frameworks */ = {
			isa = PBXFrameworksBuildPhase;
			buildActionMask = 2147483647;
			files = (
			);
			runOnlyForDeploymentPostprocessing = 0;
		};
		55DEF0C028916DA20085B6DF /* Frameworks */ = {
			isa = PBXFrameworksBuildPhase;
			buildActionMask = 2147483647;
			files = (
			);
			runOnlyForDeploymentPostprocessing = 0;
		};
		55DEF0CB289177930085B6DF /* Frameworks */ = {
			isa = PBXFrameworksBuildPhase;
			buildActionMask = 2147483647;
			files = (
			);
			runOnlyForDeploymentPostprocessing = 0;
		};
		55DEF0D62891DB240085B6DF /* Frameworks */ = {
			isa = PBXFrameworksBuildPhase;
			buildActionMask = 2147483647;
			files = (
			);
			runOnlyForDeploymentPostprocessing = 0;
		};
		55DEF0E12892A0B80085B6DF /* Frameworks */ = {
			isa = PBXFrameworksBuildPhase;
			buildActionMask = 2147483647;
			files = (
			);
			runOnlyForDeploymentPostprocessing = 0;
		};
		55DEF0EC2893DFE30085B6DF /* Frameworks */ = {
			isa = PBXFrameworksBuildPhase;
			buildActionMask = 2147483647;
			files = (
			);
			runOnlyForDeploymentPostprocessing = 0;
		};
		55DEF0F72893F5740085B6DF /* Frameworks */ = {
			isa = PBXFrameworksBuildPhase;
			buildActionMask = 2147483647;
			files = (
			);
			runOnlyForDeploymentPostprocessing = 0;
		};
		55DEF10428983B920085B6DF /* Frameworks */ = {
			isa = PBXFrameworksBuildPhase;
			buildActionMask = 2147483647;
			files = (
			);
			runOnlyForDeploymentPostprocessing = 0;
		};
/* End PBXFrameworksBuildPhase section */

/* Begin PBXGroup section */
		55DEF0A128915DE90085B6DF = {
			isa = PBXGroup;
			children = (
				55DEF0B9289161400085B6DF /* first block of lesson from #1 */,
				55DEF0C428916DA20085B6DF /* second block of lesson from #8 */,
				55DEF0CF289177930085B6DF /* third block of lesson from #11 */,
				55DEF0DA2891DB240085B6DF /* fourth block of lesson from #25 */,
				55DEF0E52892A0B80085B6DF /* fifth block of lesson from #33 */,
				55DEF0F02893DFE30085B6DF /* flight of fancy #1 */,
				55DEF0FB2893F5740085B6DF /* sixth block of lesson from #45 */,
				55DEF10828983B920085B6DF /* flight of fancy #2 */,
				55DEF0AB28915DE90085B6DF /* Products */,
			);
			sourceTree = "<group>";
		};
		55DEF0AB28915DE90085B6DF /* Products */ = {
			isa = PBXGroup;
			children = (
				55DEF0AA28915DE90085B6DF /* Simple code lessons */,
				55DEF0B8289161400085B6DF /* first block of lesson from #1 */,
				55DEF0C328916DA20085B6DF /* second block of lesson from #8 */,
				55DEF0CE289177930085B6DF /* third block of lesson from #11 */,
				55DEF0D92891DB240085B6DF /* fourth block of lesson from #25 */,
				55DEF0E42892A0B80085B6DF /* fifth block of lesson from #33 */,
				55DEF0EF2893DFE30085B6DF /* flight of fancy #1 */,
				55DEF0FA2893F5740085B6DF /* sixth block of lesson from #45 */,
				55DEF10728983B920085B6DF /* flight of fancy #2 */,
			);
			name = Products;
			sourceTree = "<group>";
		};
		55DEF0B9289161400085B6DF /* first block of lesson from #1 */ = {
			isa = PBXGroup;
			children = (
				55DEF0BA289161400085B6DF /* main.cpp */,
			);
			path = "first block of lesson from #1";
			sourceTree = "<group>";
		};
		55DEF0C428916DA20085B6DF /* second block of lesson from #8 */ = {
			isa = PBXGroup;
			children = (
				55DEF0C528916DA20085B6DF /* main.cpp */,
			);
			path = "second block of lesson from #8";
			sourceTree = "<group>";
		};
		55DEF0CF289177930085B6DF /* third block of lesson from #11 */ = {
			isa = PBXGroup;
			children = (
				55DEF0D0289177930085B6DF /* main.cpp */,
			);
			path = "third block of lesson from #11";
			sourceTree = "<group>";
		};
		55DEF0DA2891DB240085B6DF /* fourth block of lesson from #25 */ = {
			isa = PBXGroup;
			children = (
				55DEF0DB2891DB240085B6DF /* main.cpp */,
			);
			path = "fourth block of lesson from #25";
			sourceTree = "<group>";
		};
		55DEF0E52892A0B80085B6DF /* fifth block of lesson from #33 */ = {
			isa = PBXGroup;
			children = (
				55DEF0E62892A0B80085B6DF /* main.cpp */,
			);
			path = "fifth block of lesson from #33";
			sourceTree = "<group>";
		};
		55DEF0F02893DFE30085B6DF /* flight of fancy #1 */ = {
			isa = PBXGroup;
			children = (
				55DEF0F12893DFE30085B6DF /* main.cpp */,
			);
			path = "flight of fancy #1";
			sourceTree = "<group>";
		};
		55DEF0FB2893F5740085B6DF /* sixth block of lesson from #45 */ = {
			isa = PBXGroup;
			children = (
				55DEF0FC2893F5740085B6DF /* main.cpp */,
			);
			path = "sixth block of lesson from #45";
			sourceTree = "<group>";
		};
		55DEF10828983B920085B6DF /* flight of fancy #2 */ = {
			isa = PBXGroup;
			children = (
				55DEF10928983B920085B6DF /* main.cpp */,
			);
			path = "flight of fancy #2";
			sourceTree = "<group>";
		};
/* End PBXGroup section */

/* Begin PBXNativeTarget section */
		55DEF0A928915DE90085B6DF /* Simple code lessons */ = {
			isa = PBXNativeTarget;
			buildConfigurationList = 55DEF0B128915DE90085B6DF /* Build configuration list for PBXNativeTarget "Simple code lessons" */;
			buildPhases = (
				55DEF0A628915DE90085B6DF /* Sources */,
				55DEF0A728915DE90085B6DF /* Frameworks */,
				55DEF0A828915DE90085B6DF /* CopyFiles */,
			);
			buildRules = (
			);
			dependencies = (
			);
			name = "Simple code lessons";
			productName = "Simple code lessons";
			productReference = 55DEF0AA28915DE90085B6DF /* Simple code lessons */;
			productType = "com.apple.product-type.tool";
		};
		55DEF0B7289161400085B6DF /* first block of lesson from #1 */ = {
			isa = PBXNativeTarget;
			buildConfigurationList = 55DEF0BC289161400085B6DF /* Build configuration list for PBXNativeTarget "first block of lesson from #1" */;
			buildPhases = (
				55DEF0B4289161400085B6DF /* Sources */,
				55DEF0B5289161400085B6DF /* Frameworks */,
				55DEF0B6289161400085B6DF /* CopyFiles */,
			);
			buildRules = (
			);
			dependencies = (
			);
			name = "first block of lesson from #1";
			productName = "first block of lesson from #1";
			productReference = 55DEF0B8289161400085B6DF /* first block of lesson from #1 */;
			productType = "com.apple.product-type.tool";
		};
		55DEF0C228916DA20085B6DF /* second block of lesson from #8 */ = {
			isa = PBXNativeTarget;
			buildConfigurationList = 55DEF0C728916DA20085B6DF /* Build configuration list for PBXNativeTarget "second block of lesson from #8" */;
			buildPhases = (
				55DEF0BF28916DA20085B6DF /* Sources */,
				55DEF0C028916DA20085B6DF /* Frameworks */,
				55DEF0C128916DA20085B6DF /* CopyFiles */,
			);
			buildRules = (
			);
			dependencies = (
			);
			name = "second block of lesson from #8";
			productName = "second block of lesson from #8";
			productReference = 55DEF0C328916DA20085B6DF /* second block of lesson from #8 */;
			productType = "com.apple.product-type.tool";
		};
		55DEF0CD289177930085B6DF /* third block of lesson from #11 */ = {
			isa = PBXNativeTarget;
			buildConfigurationList = 55DEF0D2289177930085B6DF /* Build configuration list for PBXNativeTarget "third block of lesson from #11" */;
			buildPhases = (
				55DEF0CA289177930085B6DF /* Sources */,
				55DEF0CB289177930085B6DF /* Frameworks */,
				55DEF0CC289177930085B6DF /* CopyFiles */,
			);
			buildRules = (
			);
			dependencies = (
			);
			name = "third block of lesson from #11";
			productName = "third block of lesson from #11";
			productReference = 55DEF0CE289177930085B6DF /* third block of lesson from #11 */;
			productType = "com.apple.product-type.tool";
		};
		55DEF0D82891DB240085B6DF /* fourth block of lesson from #25 */ = {
			isa = PBXNativeTarget;
			buildConfigurationList = 55DEF0DD2891DB240085B6DF /* Build configuration list for PBXNativeTarget "fourth block of lesson from #25" */;
			buildPhases = (
				55DEF0D52891DB240085B6DF /* Sources */,
				55DEF0D62891DB240085B6DF /* Frameworks */,
				55DEF0D72891DB240085B6DF /* CopyFiles */,
			);
			buildRules = (
			);
			dependencies = (
			);
			name = "fourth block of lesson from #25";
			productName = "fourth block of lesson from #25";
			productReference = 55DEF0D92891DB240085B6DF /* fourth block of lesson from #25 */;
			productType = "com.apple.product-type.tool";
		};
		55DEF0E32892A0B80085B6DF /* fifth block of lesson from #33 */ = {
			isa = PBXNativeTarget;
			buildConfigurationList = 55DEF0E82892A0B80085B6DF /* Build configuration list for PBXNativeTarget "fifth block of lesson from #33" */;
			buildPhases = (
				55DEF0E02892A0B80085B6DF /* Sources */,
				55DEF0E12892A0B80085B6DF /* Frameworks */,
				55DEF0E22892A0B80085B6DF /* CopyFiles */,
			);
			buildRules = (
			);
			dependencies = (
			);
			name = "fifth block of lesson from #33";
			productName = "fifth block of lesson from #33";
			productReference = 55DEF0E42892A0B80085B6DF /* fifth block of lesson from #33 */;
			productType = "com.apple.product-type.tool";
		};
		55DEF0EE2893DFE30085B6DF /* flight of fancy #1 */ = {
			isa = PBXNativeTarget;
			buildConfigurationList = 55DEF0F32893DFE30085B6DF /* Build configuration list for PBXNativeTarget "flight of fancy #1" */;
			buildPhases = (
				55DEF0EB2893DFE30085B6DF /* Sources */,
				55DEF0EC2893DFE30085B6DF /* Frameworks */,
				55DEF0ED2893DFE30085B6DF /* CopyFiles */,
			);
			buildRules = (
			);
			dependencies = (
			);
			name = "flight of fancy #1";
			productName = "flight of fancy #1";
			productReference = 55DEF0EF2893DFE30085B6DF /* flight of fancy #1 */;
			productType = "com.apple.product-type.tool";
		};
		55DEF0F92893F5740085B6DF /* sixth block of lesson from #45 */ = {
			isa = PBXNativeTarget;
			buildConfigurationList = 55DEF0FE2893F5740085B6DF /* Build configuration list for PBXNativeTarget "sixth block of lesson from #45" */;
			buildPhases = (
				55DEF0F62893F5740085B6DF /* Sources */,
				55DEF0F72893F5740085B6DF /* Frameworks */,
				55DEF0F82893F5740085B6DF /* CopyFiles */,
			);
			buildRules = (
			);
			dependencies = (
			);
			name = "sixth block of lesson from #45";
			productName = "sixth block of lesson from #45";
			productReference = 55DEF0FA2893F5740085B6DF /* sixth block of lesson from #45 */;
			productType = "com.apple.product-type.tool";
		};
		55DEF10628983B920085B6DF /* flight of fancy #2 */ = {
			isa = PBXNativeTarget;
			buildConfigurationList = 55DEF10B28983B920085B6DF /* Build configuration list for PBXNativeTarget "flight of fancy #2" */;
			buildPhases = (
				55DEF10328983B920085B6DF /* Sources */,
				55DEF10428983B920085B6DF /* Frameworks */,
				55DEF10528983B920085B6DF /* CopyFiles */,
			);
			buildRules = (
			);
			dependencies = (
			);
			name = "flight of fancy #2";
			productName = "flight of fancy #2";
			productReference = 55DEF10728983B920085B6DF /* flight of fancy #2 */;
			productType = "com.apple.product-type.tool";
		};
/* End PBXNativeTarget section */

/* Begin PBXProject section */
		55DEF0A228915DE90085B6DF /* Project object */ = {
			isa = PBXProject;
			attributes = {
				BuildIndependentTargetsInParallel = 1;
				LastUpgradeCheck = 1330;
				TargetAttributes = {
					55DEF0A928915DE90085B6DF = {
						CreatedOnToolsVersion = 13.3;
					};
					55DEF0B7289161400085B6DF = {
						CreatedOnToolsVersion = 13.3;
					};
					55DEF0C228916DA20085B6DF = {
						CreatedOnToolsVersion = 13.3;
					};
					55DEF0CD289177930085B6DF = {
						CreatedOnToolsVersion = 13.3;
					};
					55DEF0D82891DB240085B6DF = {
						CreatedOnToolsVersion = 13.3;
					};
					55DEF0E32892A0B80085B6DF = {
						CreatedOnToolsVersion = 13.3;
					};
					55DEF0EE2893DFE30085B6DF = {
						CreatedOnToolsVersion = 13.3;
					};
					55DEF0F92893F5740085B6DF = {
						CreatedOnToolsVersion = 13.3;
					};
					55DEF10628983B920085B6DF = {
						CreatedOnToolsVersion = 13.3;
					};
				};
			};
			buildConfigurationList = 55DEF0A528915DE90085B6DF /* Build configuration list for PBXProject "Simple code lessons" */;
			compatibilityVersion = "Xcode 13.0";
			developmentRegion = en;
			hasScannedForEncodings = 0;
			knownRegions = (
				en,
				Base,
			);
			mainGroup = 55DEF0A128915DE90085B6DF;
			productRefGroup = 55DEF0AB28915DE90085B6DF /* Products */;
			projectDirPath = "";
			projectRoot = "";
			targets = (
				55DEF0A928915DE90085B6DF /* Simple code lessons */,
				55DEF0B7289161400085B6DF /* first block of lesson from #1 */,
				55DEF0C228916DA20085B6DF /* second block of lesson from #8 */,
				55DEF0CD289177930085B6DF /* third block of lesson from #11 */,
				55DEF0D82891DB240085B6DF /* fourth block of lesson from #25 */,
				55DEF0E32892A0B80085B6DF /* fifth block of lesson from #33 */,
				55DEF0EE2893DFE30085B6DF /* flight of fancy #1 */,
				55DEF0F92893F5740085B6DF /* sixth block of lesson from #45 */,
				55DEF10628983B920085B6DF /* flight of fancy #2 */,
			);
		};
/* End PBXProject section */

/* Begin PBXSourcesBuildPhase section */
		55DEF0A628915DE90085B6DF /* Sources */ = {
			isa = PBXSourcesBuildPhase;
			buildActionMask = 2147483647;
			files = (
			);
			runOnlyForDeploymentPostprocessing = 0;
		};
		55DEF0B4289161400085B6DF /* Sources */ = {
			isa = PBXSourcesBuildPhase;
			buildActionMask = 2147483647;
			files = (
				55DEF0BB289161400085B6DF /* main.cpp in Sources */,
			);
			runOnlyForDeploymentPostprocessing = 0;
		};
		55DEF0BF28916DA20085B6DF /* Sources */ = {
			isa = PBXSourcesBuildPhase;
			buildActionMask = 2147483647;
			files = (
				55DEF0C628916DA20085B6DF /* main.cpp in Sources */,
			);
			runOnlyForDeploymentPostprocessing = 0;
		};
		55DEF0CA289177930085B6DF /* Sources */ = {
			isa = PBXSourcesBuildPhase;
			buildActionMask = 2147483647;
			files = (
				55DEF0D1289177930085B6DF /* main.cpp in Sources */,
			);
			runOnlyForDeploymentPostprocessing = 0;
		};
		55DEF0D52891DB240085B6DF /* Sources */ = {
			isa = PBXSourcesBuildPhase;
			buildActionMask = 2147483647;
			files = (
				55DEF0DC2891DB240085B6DF /* main.cpp in Sources */,
			);
			runOnlyForDeploymentPostprocessing = 0;
		};
		55DEF0E02892A0B80085B6DF /* Sources */ = {
			isa = PBXSourcesBuildPhase;
			buildActionMask = 2147483647;
			files = (
				55DEF0E72892A0B80085B6DF /* main.cpp in Sources */,
			);
			runOnlyForDeploymentPostprocessing = 0;
		};
		55DEF0EB2893DFE30085B6DF /* Sources */ = {
			isa = PBXSourcesBuildPhase;
			buildActionMask = 2147483647;
			files = (
				55DEF1022893F59F0085B6DF /* main.cpp in Sources */,
			);
			runOnlyForDeploymentPostprocessing = 0;
		};
		55DEF0F62893F5740085B6DF /* Sources */ = {
			isa = PBXSourcesBuildPhase;
			buildActionMask = 2147483647;
			files = (
				55DEF0FD2893F5740085B6DF /* main.cpp in Sources */,
			);
			runOnlyForDeploymentPostprocessing = 0;
		};
		55DEF10328983B920085B6DF /* Sources */ = {
			isa = PBXSourcesBuildPhase;
			buildActionMask = 2147483647;
			files = (
				55DEF10A28983B920085B6DF /* main.cpp in Sources */,
			);
			runOnlyForDeploymentPostprocessing = 0;
		};
/* End PBXSourcesBuildPhase section */

/* Begin XCBuildConfiguration section */
		55DEF0AF28915DE90085B6DF /* Debug */ = {
			isa = XCBuildConfiguration;
			buildSettings = {
				ALWAYS_SEARCH_USER_PATHS = NO;
				CLANG_ANALYZER_NONNULL = YES;
				CLANG_ANALYZER_NUMBER_OBJECT_CONVERSION = YES_AGGRESSIVE;
				CLANG_CXX_LANGUAGE_STANDARD = "gnu++17";
				CLANG_ENABLE_MODULES = YES;
				CLANG_ENABLE_OBJC_ARC = YES;
				CLANG_ENABLE_OBJC_WEAK = YES;
				CLANG_WARN_BLOCK_CAPTURE_AUTORELEASING = YES;
				CLANG_WARN_BOOL_CONVERSION = YES;
				CLANG_WARN_COMMA = YES;
				CLANG_WARN_CONSTANT_CONVERSION = YES;
				CLANG_WARN_DEPRECATED_OBJC_IMPLEMENTATIONS = YES;
				CLANG_WARN_DIRECT_OBJC_ISA_USAGE = YES_ERROR;
				CLANG_WARN_DOCUMENTATION_COMMENTS = YES;
				CLANG_WARN_EMPTY_BODY = YES;
				CLANG_WARN_ENUM_CONVERSION = YES;
				CLANG_WARN_INFINITE_RECURSION = YES;
				CLANG_WARN_INT_CONVERSION = YES;
				CLANG_WARN_NON_LITERAL_NULL_CONVERSION = YES;
				CLANG_WARN_OBJC_IMPLICIT_RETAIN_SELF = YES;
				CLANG_WARN_OBJC_LITERAL_CONVERSION = YES;
				CLANG_WARN_OBJC_ROOT_CLASS = YES_ERROR;
				CLANG_WARN_QUOTED_INCLUDE_IN_FRAMEWORK_HEADER = YES;
				CLANG_WARN_RANGE_LOOP_ANALYSIS = YES;
				CLANG_WARN_STRICT_PROTOTYPES = YES;
				CLANG_WARN_SUSPICIOUS_MOVE = YES;
				CLANG_WARN_UNGUARDED_AVAILABILITY = YES_AGGRESSIVE;
				CLANG_WARN_UNREACHABLE_CODE = YES;
				CLANG_WARN__DUPLICATE_METHOD_MATCH = YES;
				COPY_PHASE_STRIP = NO;
				DEBUG_INFORMATION_FORMAT = dwarf;
				ENABLE_STRICT_OBJC_MSGSEND = YES;
				ENABLE_TESTABILITY = YES;
				GCC_C_LANGUAGE_STANDARD = gnu11;
				GCC_DYNAMIC_NO_PIC = NO;
				GCC_NO_COMMON_BLOCKS = YES;
				GCC_OPTIMIZATION_LEVEL = 0;
				GCC_PREPROCESSOR_DEFINITIONS = (
					"DEBUG=1",
					"$(inherited)",
				);
				GCC_WARN_64_TO_32_BIT_CONVERSION = YES;
				GCC_WARN_ABOUT_RETURN_TYPE = YES_ERROR;
				GCC_WARN_UNDECLARED_SELECTOR = YES;
				GCC_WARN_UNINITIALIZED_AUTOS = YES_AGGRESSIVE;
				GCC_WARN_UNUSED_FUNCTION = YES;
				GCC_WARN_UNUSED_VARIABLE = YES;
				MACOSX_DEPLOYMENT_TARGET = 12.2;
				MTL_ENABLE_DEBUG_INFO = INCLUDE_SOURCE;
				MTL_FAST_MATH = YES;
				ONLY_ACTIVE_ARCH = YES;
				SDKROOT = macosx;
			};
			name = Debug;
		};
		55DEF0B028915DE90085B6DF /* Release */ = {
			isa = XCBuildConfiguration;
			buildSettings = {
				ALWAYS_SEARCH_USER_PATHS = NO;
				CLANG_ANALYZER_NONNULL = YES;
				CLANG_ANALYZER_NUMBER_OBJECT_CONVERSION = YES_AGGRESSIVE;
				CLANG_CXX_LANGUAGE_STANDARD = "gnu++17";
				CLANG_ENABLE_MODULES = YES;
				CLANG_ENABLE_OBJC_ARC = YES;
				CLANG_ENABLE_OBJC_WEAK = YES;
				CLANG_WARN_BLOCK_CAPTURE_AUTORELEASING = YES;
				CLANG_WARN_BOOL_CONVERSION = YES;
				CLANG_WARN_COMMA = YES;
				CLANG_WARN_CONSTANT_CONVERSION = YES;
				CLANG_WARN_DEPRECATED_OBJC_IMPLEMENTATIONS = YES;
				CLANG_WARN_DIRECT_OBJC_ISA_USAGE = YES_ERROR;
				CLANG_WARN_DOCUMENTATION_COMMENTS = YES;
				CLANG_WARN_EMPTY_BODY = YES;
				CLANG_WARN_ENUM_CONVERSION = YES;
				CLANG_WARN_INFINITE_RECURSION = YES;
				CLANG_WARN_INT_CONVERSION = YES;
				CLANG_WARN_NON_LITERAL_NULL_CONVERSION = YES;
				CLANG_WARN_OBJC_IMPLICIT_RETAIN_SELF = YES;
				CLANG_WARN_OBJC_LITERAL_CONVERSION = YES;
				CLANG_WARN_OBJC_ROOT_CLASS = YES_ERROR;
				CLANG_WARN_QUOTED_INCLUDE_IN_FRAMEWORK_HEADER = YES;
				CLANG_WARN_RANGE_LOOP_ANALYSIS = YES;
				CLANG_WARN_STRICT_PROTOTYPES = YES;
				CLANG_WARN_SUSPICIOUS_MOVE = YES;
				CLANG_WARN_UNGUARDED_AVAILABILITY = YES_AGGRESSIVE;
				CLANG_WARN_UNREACHABLE_CODE = YES;
				CLANG_WARN__DUPLICATE_METHOD_MATCH = YES;
				COPY_PHASE_STRIP = NO;
				DEBUG_INFORMATION_FORMAT = "dwarf-with-dsym";
				ENABLE_NS_ASSERTIONS = NO;
				ENABLE_STRICT_OBJC_MSGSEND = YES;
				GCC_C_LANGUAGE_STANDARD = gnu11;
				GCC_NO_COMMON_BLOCKS = YES;
				GCC_WARN_64_TO_32_BIT_CONVERSION = YES;
				GCC_WARN_ABOUT_RETURN_TYPE = YES_ERROR;
				GCC_WARN_UNDECLARED_SELECTOR = YES;
				GCC_WARN_UNINITIALIZED_AUTOS = YES_AGGRESSIVE;
				GCC_WARN_UNUSED_FUNCTION = YES;
				GCC_WARN_UNUSED_VARIABLE = YES;
				MACOSX_DEPLOYMENT_TARGET = 12.2;
				MTL_ENABLE_DEBUG_INFO = NO;
				MTL_FAST_MATH = YES;
				SDKROOT = macosx;
			};
			name = Release;
		};
		55DEF0B228915DE90085B6DF /* Debug */ = {
			isa = XCBuildConfiguration;
			buildSettings = {
				CODE_SIGN_STYLE = Automatic;
				PRODUCT_NAME = "$(TARGET_NAME)";
			};
			name = Debug;
		};
		55DEF0B328915DE90085B6DF /* Release */ = {
			isa = XCBuildConfiguration;
			buildSettings = {
				CODE_SIGN_STYLE = Automatic;
				PRODUCT_NAME = "$(TARGET_NAME)";
			};
			name = Release;
		};
		55DEF0BD289161400085B6DF /* Debug */ = {
			isa = XCBuildConfiguration;
			buildSettings = {
				CODE_SIGN_STYLE = Automatic;
				PRODUCT_NAME = "$(TARGET_NAME)";
			};
			name = Debug;
		};
		55DEF0BE289161400085B6DF /* Release */ = {
			isa = XCBuildConfiguration;
			buildSettings = {
				CODE_SIGN_STYLE = Automatic;
				PRODUCT_NAME = "$(TARGET_NAME)";
			};
			name = Release;
		};
		55DEF0C828916DA20085B6DF /* Debug */ = {
			isa = XCBuildConfiguration;
			buildSettings = {
				CODE_SIGN_STYLE = Automatic;
				PRODUCT_NAME = "$(TARGET_NAME)";
			};
			name = Debug;
		};
		55DEF0C928916DA20085B6DF /* Release */ = {
			isa = XCBuildConfiguration;
			buildSettings = {
				CODE_SIGN_STYLE = Automatic;
				PRODUCT_NAME = "$(TARGET_NAME)";
			};
			name = Release;
		};
		55DEF0D3289177930085B6DF /* Debug */ = {
			isa = XCBuildConfiguration;
			buildSettings = {
				CODE_SIGN_STYLE = Automatic;
				PRODUCT_NAME = "$(TARGET_NAME)";
			};
			name = Debug;
		};
		55DEF0D4289177930085B6DF /* Release */ = {
			isa = XCBuildConfiguration;
			buildSettings = {
				CODE_SIGN_STYLE = Automatic;
				PRODUCT_NAME = "$(TARGET_NAME)";
			};
			name = Release;
		};
		55DEF0DE2891DB240085B6DF /* Debug */ = {
			isa = XCBuildConfiguration;
			buildSettings = {
				CODE_SIGN_STYLE = Automatic;
				PRODUCT_NAME = "$(TARGET_NAME)";
			};
			name = Debug;
		};
		55DEF0DF2891DB240085B6DF /* Release */ = {
			isa = XCBuildConfiguration;
			buildSettings = {
				CODE_SIGN_STYLE = Automatic;
				PRODUCT_NAME = "$(TARGET_NAME)";
			};
			name = Release;
		};
		55DEF0E92892A0B80085B6DF /* Debug */ = {
			isa = XCBuildConfiguration;
			buildSettings = {
				CODE_SIGN_STYLE = Automatic;
				PRODUCT_NAME = "$(TARGET_NAME)";
			};
			name = Debug;
		};
		55DEF0EA2892A0B80085B6DF /* Release */ = {
			isa = XCBuildConfiguration;
			buildSettings = {
				CODE_SIGN_STYLE = Automatic;
				PRODUCT_NAME = "$(TARGET_NAME)";
			};
			name = Release;
		};
		55DEF0F42893DFE30085B6DF /* Debug */ = {
			isa = XCBuildConfiguration;
			buildSettings = {
				CODE_SIGN_STYLE = Automatic;
				PRODUCT_NAME = "$(TARGET_NAME)";
			};
			name = Debug;
		};
		55DEF0F52893DFE30085B6DF /* Release */ = {
			isa = XCBuildConfiguration;
			buildSettings = {
				CODE_SIGN_STYLE = Automatic;
				PRODUCT_NAME = "$(TARGET_NAME)";
			};
			name = Release;
		};
		55DEF0FF2893F5740085B6DF /* Debug */ = {
			isa = XCBuildConfiguration;
			buildSettings = {
				CODE_SIGN_STYLE = Automatic;
				PRODUCT_NAME = "$(TARGET_NAME)";
			};
			name = Debug;
		};
		55DEF1002893F5740085B6DF /* Release */ = {
			isa = XCBuildConfiguration;
			buildSettings = {
				CODE_SIGN_STYLE = Automatic;
				PRODUCT_NAME = "$(TARGET_NAME)";
			};
			name = Release;
		};
		55DEF10C28983B920085B6DF /* Debug */ = {
			isa = XCBuildConfiguration;
			buildSettings = {
				CODE_SIGN_STYLE = Automatic;
				PRODUCT_NAME = "$(TARGET_NAME)";
			};
			name = Debug;
		};
		55DEF10D28983B920085B6DF /* Release */ = {
			isa = XCBuildConfiguration;
			buildSettings = {
				CODE_SIGN_STYLE = Automatic;
				PRODUCT_NAME = "$(TARGET_NAME)";
			};
			name = Release;
		};
/* End XCBuildConfiguration section */

/* Begin XCConfigurationList section */
		55DEF0A528915DE90085B6DF /* Build configuration list for PBXProject "Simple code lessons" */ = {
			isa = XCConfigurationList;
			buildConfigurations = (
				55DEF0AF28915DE90085B6DF /* Debug */,
				55DEF0B028915DE90085B6DF /* Release */,
			);
			defaultConfigurationIsVisible = 0;
			defaultConfigurationName = Release;
		};
		55DEF0B128915DE90085B6DF /* Build configuration list for PBXNativeTarget "Simple code lessons" */ = {
			isa = XCConfigurationList;
			buildConfigurations = (
				55DEF0B228915DE90085B6DF /* Debug */,
				55DEF0B328915DE90085B6DF /* Release */,
			);
			defaultConfigurationIsVisible = 0;
			defaultConfigurationName = Release;
		};
		55DEF0BC289161400085B6DF /* Build configuration list for PBXNativeTarget "first block of lesson from #1" */ = {
			isa = XCConfigurationList;
			buildConfigurations = (
				55DEF0BD289161400085B6DF /* Debug */,
				55DEF0BE289161400085B6DF /* Release */,
			);
			defaultConfigurationIsVisible = 0;
			defaultConfigurationName = Release;
		};
		55DEF0C728916DA20085B6DF /* Build configuration list for PBXNativeTarget "second block of lesson from #8" */ = {
			isa = XCConfigurationList;
			buildConfigurations = (
				55DEF0C828916DA20085B6DF /* Debug */,
				55DEF0C928916DA20085B6DF /* Release */,
			);
			defaultConfigurationIsVisible = 0;
			defaultConfigurationName = Release;
		};
		55DEF0D2289177930085B6DF /* Build configuration list for PBXNativeTarget "third block of lesson from #11" */ = {
			isa = XCConfigurationList;
			buildConfigurations = (
				55DEF0D3289177930085B6DF /* Debug */,
				55DEF0D4289177930085B6DF /* Release */,
			);
			defaultConfigurationIsVisible = 0;
			defaultConfigurationName = Release;
		};
		55DEF0DD2891DB240085B6DF /* Build configuration list for PBXNativeTarget "fourth block of lesson from #25" */ = {
			isa = XCConfigurationList;
			buildConfigurations = (
				55DEF0DE2891DB240085B6DF /* Debug */,
				55DEF0DF2891DB240085B6DF /* Release */,
			);
			defaultConfigurationIsVisible = 0;
			defaultConfigurationName = Release;
		};
		55DEF0E82892A0B80085B6DF /* Build configuration list for PBXNativeTarget "fifth block of lesson from #33" */ = {
			isa = XCConfigurationList;
			buildConfigurations = (
				55DEF0E92892A0B80085B6DF /* Debug */,
				55DEF0EA2892A0B80085B6DF /* Release */,
			);
			defaultConfigurationIsVisible = 0;
			defaultConfigurationName = Release;
		};
		55DEF0F32893DFE30085B6DF /* Build configuration list for PBXNativeTarget "flight of fancy #1" */ = {
			isa = XCConfigurationList;
			buildConfigurations = (
				55DEF0F42893DFE30085B6DF /* Debug */,
				55DEF0F52893DFE30085B6DF /* Release */,
			);
			defaultConfigurationIsVisible = 0;
			defaultConfigurationName = Release;
		};
		55DEF0FE2893F5740085B6DF /* Build configuration list for PBXNativeTarget "sixth block of lesson from #45" */ = {
			isa = XCConfigurationList;
			buildConfigurations = (
				55DEF0FF2893F5740085B6DF /* Debug */,
				55DEF1002893F5740085B6DF /* Release */,
			);
			defaultConfigurationIsVisible = 0;
			defaultConfigurationName = Release;
		};
		55DEF10B28983B920085B6DF /* Build configuration list for PBXNativeTarget "flight of fancy #2" */ = {
			isa = XCConfigurationList;
			buildConfigurations = (
				55DEF10C28983B920085B6DF /* Debug */,
				55DEF10D28983B920085B6DF /* Release */,
			);
			defaultConfigurationIsVisible = 0;
			defaultConfigurationName = Release;
		};
/* End XCConfigurationList section */
	};
	rootObject = 55DEF0A228915DE90085B6DF /* Project object */;
}
